{
  "name": "@sanctumterra/raknet",
  "version": "1.1.0",
  "lockfileVersion": 3,
  "requires": true,
  "packages": {
    "": {
      "name": "@sanctumterra/raknet",
      "version": "1.1.0",
      "dependencies": {
        "@serenityjs/binarystream": "^2.6.6",
        "@serenityjs/emitter": "^0.5.2",
        "@serenityjs/raknet": "^0.6.0-beta-20241005152757"
      },
      "devDependencies": {
        "@biomejs/biome": "1.9.3",
        "@types/bun": "latest",
        "typescript": "^5.0.0"
      }
    },
    "node_modules/@biomejs/biome": {
      "version": "1.9.3",
      "resolved": "https://registry.npmjs.org/@biomejs/biome/-/biome-1.9.3.tgz",
      "integrity": "sha512-POjAPz0APAmX33WOQFGQrwLvlu7WLV4CFJMlB12b6ZSg+2q6fYu9kZwLCOA+x83zXfcPd1RpuWOKJW0GbBwLIQ==",
      "dev": true,
      "hasInstallScript": true,
      "bin": {
        "biome": "bin/biome"
      },
      "engines": {
        "node": ">=14.21.3"
      },
      "funding": {
        "type": "opencollective",
        "url": "https://opencollective.com/biome"
      },
      "optionalDependencies": {
        "@biomejs/cli-darwin-arm64": "1.9.3",
        "@biomejs/cli-darwin-x64": "1.9.3",
        "@biomejs/cli-linux-arm64": "1.9.3",
        "@biomejs/cli-linux-arm64-musl": "1.9.3",
        "@biomejs/cli-linux-x64": "1.9.3",
        "@biomejs/cli-linux-x64-musl": "1.9.3",
        "@biomejs/cli-win32-arm64": "1.9.3",
        "@biomejs/cli-win32-x64": "1.9.3"
      }
    },
    "node_modules/@biomejs/cli-darwin-arm64": {
      "version": "1.9.3",
      "resolved": "https://registry.npmjs.org/@biomejs/cli-darwin-arm64/-/cli-darwin-arm64-1.9.3.tgz",
      "integrity": "sha512-QZzD2XrjJDUyIZK+aR2i5DDxCJfdwiYbUKu9GzkCUJpL78uSelAHAPy7m0GuPMVtF/Uo+OKv97W3P9nuWZangQ==",
      "cpu": [
        "arm64"
      ],
      "dev": true,
      "optional": true,
      "os": [
        "darwin"
      ],
      "engines": {
        "node": ">=14.21.3"
      }
    },
    "node_modules/@biomejs/cli-darwin-x64": {
      "version": "1.9.3",
      "resolved": "https://registry.npmjs.org/@biomejs/cli-darwin-x64/-/cli-darwin-x64-1.9.3.tgz",
      "integrity": "sha512-vSCoIBJE0BN3SWDFuAY/tRavpUtNoqiceJ5PrU3xDfsLcm/U6N93JSM0M9OAiC/X7mPPfejtr6Yc9vSgWlEgVw==",
      "cpu": [
        "x64"
      ],
      "dev": true,
      "optional": true,
      "os": [
        "darwin"
      ],
      "engines": {
        "node": ">=14.21.3"
      }
    },
    "node_modules/@biomejs/cli-linux-arm64": {
      "version": "1.9.3",
      "resolved": "https://registry.npmjs.org/@biomejs/cli-linux-arm64/-/cli-linux-arm64-1.9.3.tgz",
      "integrity": "sha512-vJkAimD2+sVviNTbaWOGqEBy31cW0ZB52KtpVIbkuma7PlfII3tsLhFa+cwbRAcRBkobBBhqZ06hXoZAN8NODQ==",
      "cpu": [
        "arm64"
      ],
      "dev": true,
      "optional": true,
      "os": [
        "linux"
      ],
      "engines": {
        "node": ">=14.21.3"
      }
    },
    "node_modules/@biomejs/cli-linux-arm64-musl": {
      "version": "1.9.3",
      "resolved": "https://registry.npmjs.org/@biomejs/cli-linux-arm64-musl/-/cli-linux-arm64-musl-1.9.3.tgz",
      "integrity": "sha512-VBzyhaqqqwP3bAkkBrhVq50i3Uj9+RWuj+pYmXrMDgjS5+SKYGE56BwNw4l8hR3SmYbLSbEo15GcV043CDSk+Q==",
      "cpu": [
        "arm64"
      ],
      "dev": true,
      "optional": true,
      "os": [
        "linux"
      ],
      "engines": {
        "node": ">=14.21.3"
      }
    },
    "node_modules/@biomejs/cli-linux-x64": {
      "version": "1.9.3",
      "resolved": "https://registry.npmjs.org/@biomejs/cli-linux-x64/-/cli-linux-x64-1.9.3.tgz",
      "integrity": "sha512-x220V4c+romd26Mu1ptU+EudMXVS4xmzKxPVb9mgnfYlN4Yx9vD5NZraSx/onJnd3Gh/y8iPUdU5CDZJKg9COA==",
      "cpu": [
        "x64"
      ],
      "dev": true,
      "optional": true,
      "os": [
        "linux"
      ],
      "engines": {
        "node": ">=14.21.3"
      }
    },
    "node_modules/@biomejs/cli-linux-x64-musl": {
      "version": "1.9.3",
      "resolved": "https://registry.npmjs.org/@biomejs/cli-linux-x64-musl/-/cli-linux-x64-musl-1.9.3.tgz",
      "integrity": "sha512-TJmnOG2+NOGM72mlczEsNki9UT+XAsMFAOo8J0me/N47EJ/vkLXxf481evfHLlxMejTY6IN8SdRSiPVLv6AHlA==",
      "cpu": [
        "x64"
      ],
      "dev": true,
      "optional": true,
      "os": [
        "linux"
      ],
      "engines": {
        "node": ">=14.21.3"
      }
    },
    "node_modules/@biomejs/cli-win32-arm64": {
      "version": "1.9.3",
      "resolved": "https://registry.npmjs.org/@biomejs/cli-win32-arm64/-/cli-win32-arm64-1.9.3.tgz",
      "integrity": "sha512-lg/yZis2HdQGsycUvHWSzo9kOvnGgvtrYRgoCEwPBwwAL8/6crOp3+f47tPwI/LI1dZrhSji7PNsGKGHbwyAhw==",
      "cpu": [
        "arm64"
      ],
      "dev": true,
      "optional": true,
      "os": [
        "win32"
      ],
      "engines": {
        "node": ">=14.21.3"
      }
    },
    "node_modules/@biomejs/cli-win32-x64": {
      "version": "1.9.3",
      "cpu": [
        "x64"
      ],
      "dev": true,
      "license": "MIT OR Apache-2.0",
      "optional": true,
      "os": [
        "win32"
      ],
      "engines": {
        "node": ">=14.21.3"
      }
    },
    "node_modules/@serenityjs/binarystream": {
      "version": "2.6.6",
      "license": "MIT",
      "engines": {
        "node": ">= 10"
      },
      "optionalDependencies": {
        "@serenityjs/binarystream-darwin-arm64": "2.6.6",
        "@serenityjs/binarystream-darwin-x64": "2.6.6",
        "@serenityjs/binarystream-linux-x64-gnu": "2.6.6",
        "@serenityjs/binarystream-win32-x64-msvc": "2.6.6"
      }
    },
    "node_modules/@serenityjs/binarystream-win32-x64-msvc": {
      "version": "2.6.6",
      "cpu": [
        "x64"
      ],
      "license": "MIT",
      "optional": true,
      "os": [
        "win32"
      ],
      "engines": {
        "node": ">= 10"
      }
    },
    "node_modules/@serenityjs/emitter": {
      "version": "0.5.2",
      "resolved": "https://registry.npmjs.org/@serenityjs/emitter/-/emitter-0.5.2.tgz",
      "integrity": "sha512-x+tYqmCbOzSI0wo/0t6Scj5OU883RtTUZ6b0jfhymO0E5GEF1RkWI/4eEGcHUWMtuFDbPtb2pQynPNbt4R4XCQ=="
    },
    "node_modules/@serenityjs/logger": {
      "version": "0.6.0-beta-20241005152757",
      "resolved": "https://registry.npmjs.org/@serenityjs/logger/-/logger-0.6.0-beta-20241005152757.tgz",
      "integrity": "sha512-3q9y2YqnGjK0xF0DocNQTvc2rGutXaAIvBPj47waojmwpSeDC7ZnE7Eo0PQ+jlPhw7P0YMZ2T9oFhPazonK6gw==",
      "dependencies": {
        "colorette": "^2.0.20"
      }
    },
    "node_modules/@serenityjs/nbt": {
      "version": "0.6.0-beta-20241005152757",
      "resolved": "https://registry.npmjs.org/@serenityjs/nbt/-/nbt-0.6.0-beta-20241005152757.tgz",
      "integrity": "sha512-z1RAfUT7TwhADCL3jAQyBsroAdRu1KJcTJVtezg6qrdbmExeRFGBEiUd34lFP3iLNR7R/PagUdDVzmTKGI37kw==",
      "dependencies": {
        "@serenityjs/binarystream": "^2.6.6"
      }
    },
    "node_modules/@serenityjs/raknet": {
      "version": "0.6.0-beta-20241005152757",
      "resolved": "https://registry.npmjs.org/@serenityjs/raknet/-/raknet-0.6.0-beta-20241005152757.tgz",
      "integrity": "sha512-zK1MzBCb42+unZucK8aBMxAP1HSmq8YdfSozeSD+7+yLhJ5U1MAQvfI9XVzWfJ7tCwzVbfcctmCRqaTYgKekag==",
      "dependencies": {
        "@serenityjs/binarystream": "^2.6.6",
        "@serenityjs/emitter": "0.6.0-beta-20241005152757",
        "@serenityjs/logger": "0.6.0-beta-20241005152757",
        "@serenityjs/nbt": "0.6.0-beta-20241005152757",
        "reflect-metadata": "^0.2.1",
        "typedoc": "^0.25.13"
      }
    },
    "node_modules/@serenityjs/raknet/node_modules/@serenityjs/emitter": {
      "version": "0.6.0-beta-20241005152757",
      "resolved": "https://registry.npmjs.org/@serenityjs/emitter/-/emitter-0.6.0-beta-20241005152757.tgz",
      "integrity": "sha512-XVeTQsFnFRKOKfRDTaao2IIi3/TO7eosF1YvyyFprBhuuP0Jaj/LxldOu59dAulwocLbx2EcGMeu18fyCJkG0A=="
    },
    "node_modules/@types/bun": {
      "version": "1.1.11",
      "resolved": "https://registry.npmjs.org/@types/bun/-/bun-1.1.11.tgz",
      "integrity": "sha512-0N7D/H/8sbf9JMkaG5F3+I/cB4TlhKTkO9EskEWP8XDr8aVcDe4EywSnU4cnyZy6tar1dq70NeFNkqMEUigthw==",
      "dev": true,
      "dependencies": {
        "bun-types": "1.1.30"
      }
    },
    "node_modules/@types/node": {
      "version": "20.12.14",
      "dev": true,
      "license": "MIT",
      "dependencies": {
        "undici-types": "~5.26.4"
      }
    },
    "node_modules/@types/ws": {
      "version": "8.5.12",
      "dev": true,
      "license": "MIT",
      "dependencies": {
        "@types/node": "*"
      }
    },
    "node_modules/ansi-sequence-parser": {
      "version": "1.1.1",
      "license": "MIT"
    },
    "node_modules/balanced-match": {
      "version": "1.0.2",
      "license": "MIT"
    },
    "node_modules/brace-expansion": {
      "version": "2.0.1",
      "license": "MIT",
      "dependencies": {
        "balanced-match": "^1.0.0"
      }
    },
    "node_modules/bun-types": {
      "version": "1.1.30",
      "dev": true,
      "license": "MIT",
      "dependencies": {
        "@types/node": "~20.12.8",
        "@types/ws": "~8.5.10"
      }
    },
    "node_modules/colorette": {
      "version": "2.0.20",
      "resolved": "https://registry.npmjs.org/colorette/-/colorette-2.0.20.tgz",
      "integrity": "sha512-IfEDxwoWIjkeXL1eXcDiow4UbKjhLdq6/EuSVR9GMN7KVH3r9gQ83e73hsz1Nd1T3ijd5xv1wcWRYO+D6kCI2w=="
    },
    "node_modules/jsonc-parser": {
      "version": "3.3.1",
      "license": "MIT"
    },
    "node_modules/lunr": {
      "version": "2.3.9",
      "license": "MIT"
    },
    "node_modules/marked": {
      "version": "4.3.0",
      "license": "MIT",
      "bin": {
        "marked": "bin/marked.js"
      },
      "engines": {
        "node": ">= 12"
      }
    },
    "node_modules/minimatch": {
      "version": "9.0.5",
      "license": "ISC",
      "dependencies": {
        "brace-expansion": "^2.0.1"
      },
      "engines": {
        "node": ">=16 || 14 >=14.17"
      },
      "funding": {
        "url": "https://github.com/sponsors/isaacs"
      }
    },
    "node_modules/reflect-metadata": {
      "version": "0.2.2",
      "license": "Apache-2.0"
    },
    "node_modules/shiki": {
      "version": "0.14.7",
      "license": "MIT",
      "dependencies": {
        "ansi-sequence-parser": "^1.1.0",
        "jsonc-parser": "^3.2.0",
        "vscode-oniguruma": "^1.7.0",
        "vscode-textmate": "^8.0.0"
      }
    },
    "node_modules/typedoc": {
      "version": "0.25.13",
      "license": "Apache-2.0",
      "dependencies": {
        "lunr": "^2.3.9",
        "marked": "^4.3.0",
        "minimatch": "^9.0.3",
        "shiki": "^0.14.7"
      },
      "bin": {
        "typedoc": "bin/typedoc"
      },
      "engines": {
        "node": ">= 16"
      },
      "peerDependencies": {
        "typescript": "4.6.x || 4.7.x || 4.8.x || 4.9.x || 5.0.x || 5.1.x || 5.2.x || 5.3.x || 5.4.x"
      }
    },
    "node_modules/typescript": {
      "version": "5.4.5",
      "resolved": "https://registry.npmjs.org/typescript/-/typescript-5.4.5.tgz",
      "integrity": "sha512-vcI4UpRgg81oIRUFwR0WSIHKt11nJ7SAVlYNIu+QpqeyXP+gpQJy/Z4+F0aGxSE4MqwjyXvW/TzgkLAx2AGHwQ==",
      "bin": {
        "tsc": "bin/tsc",
        "tsserver": "bin/tsserver"
      },
      "engines": {
        "node": ">=14.17"
      }
    },
    "node_modules/undici-types": {
      "version": "5.26.5",
      "dev": true,
      "license": "MIT"
    },
    "node_modules/vscode-oniguruma": {
      "version": "1.7.0",
      "license": "MIT"
    },
    "node_modules/vscode-textmate": {
      "version": "8.0.0",
      "license": "MIT"
    }
  }
}
